// !$*UTF8*$!
{
	archiveVersion = 1;
	classes = {
	};
	objectVersion = 46;
	objects = {

/* Begin PBXBuildFile section */
		2E09A1371E86A188002593A8 /* Model.xcdatamodeld in Sources */ = {isa = PBXBuildFile; fileRef = 2E09A1351E86A188002593A8 /* Model.xcdatamodeld */; };
		2E1A96C11B13F74000474E17 /* CustomTableViewCell.swift in Sources */ = {isa = PBXBuildFile; fileRef = 2E1A96C01B13F74000474E17 /* CustomTableViewCell.swift */; };
		2E1A96C51B140DA200474E17 /* CustomCollectionViewCell.swift in Sources */ = {isa = PBXBuildFile; fileRef = 2E1A96C41B140DA200474E17 /* CustomCollectionViewCell.swift */; };
		2E4B7E361E8AB51D000BD182 /* CoreDataStack.swift in Sources */ = {isa = PBXBuildFile; fileRef = 2E4B7E351E8AB51D000BD182 /* CoreDataStack.swift */; };
		2E4B7E3C1E8AC34F000BD182 /* Meme+CoreDataClass.swift in Sources */ = {isa = PBXBuildFile; fileRef = 2E4B7E381E8AC34F000BD182 /* Meme+CoreDataClass.swift */; };
		2E4B7E421E8B485F000BD182 /* CoreDataTableViewController.swift in Sources */ = {isa = PBXBuildFile; fileRef = 2E4B7E411E8B485F000BD182 /* CoreDataTableViewController.swift */; };
		2E5817CC1B133DB600EF785E /* MemeTextFieldDelegate.swift in Sources */ = {isa = PBXBuildFile; fileRef = 2E5817CB1B133DB600EF785E /* MemeTextFieldDelegate.swift */; };
		2E58F6811E8C5F6C0018F0E6 /* Meme+CoreDataProperties.swift in Sources */ = {isa = PBXBuildFile; fileRef = 2E58F6801E8C5F6C0018F0E6 /* Meme+CoreDataProperties.swift */; };
		2E77E1871E96F9F7003809AD /* ImageData+CoreDataClass.swift in Sources */ = {isa = PBXBuildFile; fileRef = 2E77E1851E96F9F7003809AD /* ImageData+CoreDataClass.swift */; };
		2E77E1881E96F9F7003809AD /* ImageData+CoreDataProperties.swift in Sources */ = {isa = PBXBuildFile; fileRef = 2E77E1861E96F9F7003809AD /* ImageData+CoreDataProperties.swift */; };
		2E88144C1EA0DEE10019AD6F /* UIImageExtension.swift in Sources */ = {isa = PBXBuildFile; fileRef = 2E88144B1EA0DEE10019AD6F /* UIImageExtension.swift */; };
		2EB266B91E9DC0CB00162B18 /* AppPermissions.swift in Sources */ = {isa = PBXBuildFile; fileRef = 2EB266B81E9DC0CB00162B18 /* AppPermissions.swift */; };
		2EB266BB1E9DCBBE00162B18 /* Constants.swift in Sources */ = {isa = PBXBuildFile; fileRef = 2EB266BA1E9DCBBE00162B18 /* Constants.swift */; };
		2ECC29051E9A774C00004B37 /* CoreDataCollectionViewController.swift in Sources */ = {isa = PBXBuildFile; fileRef = 2ECC29041E9A774C00004B37 /* CoreDataCollectionViewController.swift */; };
		2ECC536F1B0CC318007FCAF7 /* AppDelegate.swift in Sources */ = {isa = PBXBuildFile; fileRef = 2ECC536E1B0CC318007FCAF7 /* AppDelegate.swift */; };
		2ECC53711B0CC318007FCAF7 /* MemeEditorViewController.swift in Sources */ = {isa = PBXBuildFile; fileRef = 2ECC53701B0CC318007FCAF7 /* MemeEditorViewController.swift */; };
		2ECC53741B0CC318007FCAF7 /* Main.storyboard in Resources */ = {isa = PBXBuildFile; fileRef = 2ECC53721B0CC318007FCAF7 /* Main.storyboard */; };
		2ECC53761B0CC318007FCAF7 /* Images.xcassets in Resources */ = {isa = PBXBuildFile; fileRef = 2ECC53751B0CC318007FCAF7 /* Images.xcassets */; };
		2ECC53791B0CC318007FCAF7 /* LaunchScreen.xib in Resources */ = {isa = PBXBuildFile; fileRef = 2ECC53771B0CC318007FCAF7 /* LaunchScreen.xib */; };
		2ECC53851B0CC318007FCAF7 /* Meme_MeTests.swift in Sources */ = {isa = PBXBuildFile; fileRef = 2ECC53841B0CC318007FCAF7 /* Meme_MeTests.swift */; };
		2ECD19FA1B13623600938908 /* DefaultTextAttributes.swift in Sources */ = {isa = PBXBuildFile; fileRef = 2ECD19F91B13623600938908 /* DefaultTextAttributes.swift */; };
		2ECEDAC01B13947200D6FB36 /* MemesTableViewController.swift in Sources */ = {isa = PBXBuildFile; fileRef = 2ECEDABF1B13947200D6FB36 /* MemesTableViewController.swift */; };
		2ECEDAC21B13948100D6FB36 /* MemesCollectionViewController.swift in Sources */ = {isa = PBXBuildFile; fileRef = 2ECEDAC11B13948100D6FB36 /* MemesCollectionViewController.swift */; };
		2ECEDACA1B13DF7A00D6FB36 /* MemesDetailViewController.swift in Sources */ = {isa = PBXBuildFile; fileRef = 2ECEDAC91B13DF7A00D6FB36 /* MemesDetailViewController.swift */; };
/* End PBXBuildFile section */

/* Begin PBXContainerItemProxy section */
		2ECC537F1B0CC318007FCAF7 /* PBXContainerItemProxy */ = {
			isa = PBXContainerItemProxy;
			containerPortal = 2ECC53611B0CC318007FCAF7 /* Project object */;
			proxyType = 1;
			remoteGlobalIDString = 2ECC53681B0CC318007FCAF7;
			remoteInfo = "Meme Me";
		};
/* End PBXContainerItemProxy section */

/* Begin PBXFileReference section */
		2E09A1361E86A188002593A8 /* Model.xcdatamodel */ = {isa = PBXFileReference; lastKnownFileType = wrapper.xcdatamodel; path = Model.xcdatamodel; sourceTree = "<group>"; };
		2E1A96C01B13F74000474E17 /* CustomTableViewCell.swift */ = {isa = PBXFileReference; fileEncoding = 4; lastKnownFileType = sourcecode.swift; path = CustomTableViewCell.swift; sourceTree = "<group>"; };
		2E1A96C41B140DA200474E17 /* CustomCollectionViewCell.swift */ = {isa = PBXFileReference; fileEncoding = 4; lastKnownFileType = sourcecode.swift; path = CustomCollectionViewCell.swift; sourceTree = "<group>"; };
		2E4B7E351E8AB51D000BD182 /* CoreDataStack.swift */ = {isa = PBXFileReference; fileEncoding = 4; lastKnownFileType = sourcecode.swift; path = CoreDataStack.swift; sourceTree = "<group>"; };
		2E4B7E381E8AC34F000BD182 /* Meme+CoreDataClass.swift */ = {isa = PBXFileReference; fileEncoding = 4; lastKnownFileType = sourcecode.swift; path = "Meme+CoreDataClass.swift"; sourceTree = "<group>"; };
		2E4B7E411E8B485F000BD182 /* CoreDataTableViewController.swift */ = {isa = PBXFileReference; fileEncoding = 4; lastKnownFileType = sourcecode.swift; path = CoreDataTableViewController.swift; sourceTree = "<group>"; };
		2E5817CB1B133DB600EF785E /* MemeTextFieldDelegate.swift */ = {isa = PBXFileReference; fileEncoding = 4; lastKnownFileType = sourcecode.swift; path = MemeTextFieldDelegate.swift; sourceTree = "<group>"; };
		2E58F6801E8C5F6C0018F0E6 /* Meme+CoreDataProperties.swift */ = {isa = PBXFileReference; fileEncoding = 4; lastKnownFileType = sourcecode.swift; path = "Meme+CoreDataProperties.swift"; sourceTree = "<group>"; };
		2E77E1851E96F9F7003809AD /* ImageData+CoreDataClass.swift */ = {isa = PBXFileReference; fileEncoding = 4; lastKnownFileType = sourcecode.swift; path = "ImageData+CoreDataClass.swift"; sourceTree = "<group>"; };
		2E77E1861E96F9F7003809AD /* ImageData+CoreDataProperties.swift */ = {isa = PBXFileReference; fileEncoding = 4; lastKnownFileType = sourcecode.swift; path = "ImageData+CoreDataProperties.swift"; sourceTree = "<group>"; };
		2E88144B1EA0DEE10019AD6F /* UIImageExtension.swift */ = {isa = PBXFileReference; fileEncoding = 4; lastKnownFileType = sourcecode.swift; path = UIImageExtension.swift; sourceTree = "<group>"; };
		2EB266B81E9DC0CB00162B18 /* AppPermissions.swift */ = {isa = PBXFileReference; fileEncoding = 4; lastKnownFileType = sourcecode.swift; path = AppPermissions.swift; sourceTree = "<group>"; };
		2EB266BA1E9DCBBE00162B18 /* Constants.swift */ = {isa = PBXFileReference; fileEncoding = 4; lastKnownFileType = sourcecode.swift; path = Constants.swift; sourceTree = "<group>"; };
		2ECC29041E9A774C00004B37 /* CoreDataCollectionViewController.swift */ = {isa = PBXFileReference; fileEncoding = 4; lastKnownFileType = sourcecode.swift; path = CoreDataCollectionViewController.swift; sourceTree = "<group>"; };
		2ECC53691B0CC318007FCAF7 /* Meme Me.app */ = {isa = PBXFileReference; explicitFileType = wrapper.application; includeInIndex = 0; path = "Meme Me.app"; sourceTree = BUILT_PRODUCTS_DIR; };
		2ECC536D1B0CC318007FCAF7 /* Info.plist */ = {isa = PBXFileReference; lastKnownFileType = text.plist.xml; path = Info.plist; sourceTree = "<group>"; };
		2ECC536E1B0CC318007FCAF7 /* AppDelegate.swift */ = {isa = PBXFileReference; lastKnownFileType = sourcecode.swift; path = AppDelegate.swift; sourceTree = "<group>"; };
		2ECC53701B0CC318007FCAF7 /* MemeEditorViewController.swift */ = {isa = PBXFileReference; lastKnownFileType = sourcecode.swift; path = MemeEditorViewController.swift; sourceTree = "<group>"; };
		2ECC53731B0CC318007FCAF7 /* Base */ = {isa = PBXFileReference; lastKnownFileType = file.storyboard; name = Base; path = Base.lproj/Main.storyboard; sourceTree = "<group>"; };
		2ECC53751B0CC318007FCAF7 /* Images.xcassets */ = {isa = PBXFileReference; lastKnownFileType = folder.assetcatalog; path = Images.xcassets; sourceTree = "<group>"; };
		2ECC53781B0CC318007FCAF7 /* Base */ = {isa = PBXFileReference; lastKnownFileType = file.xib; name = Base; path = Base.lproj/LaunchScreen.xib; sourceTree = "<group>"; };
		2ECC537E1B0CC318007FCAF7 /* Meme MeTests.xctest */ = {isa = PBXFileReference; explicitFileType = wrapper.cfbundle; includeInIndex = 0; path = "Meme MeTests.xctest"; sourceTree = BUILT_PRODUCTS_DIR; };
		2ECC53831B0CC318007FCAF7 /* Info.plist */ = {isa = PBXFileReference; lastKnownFileType = text.plist.xml; path = Info.plist; sourceTree = "<group>"; };
		2ECC53841B0CC318007FCAF7 /* Meme_MeTests.swift */ = {isa = PBXFileReference; lastKnownFileType = sourcecode.swift; path = Meme_MeTests.swift; sourceTree = "<group>"; };
		2ECD19F91B13623600938908 /* DefaultTextAttributes.swift */ = {isa = PBXFileReference; fileEncoding = 4; lastKnownFileType = sourcecode.swift; path = DefaultTextAttributes.swift; sourceTree = "<group>"; };
		2ECEDABF1B13947200D6FB36 /* MemesTableViewController.swift */ = {isa = PBXFileReference; fileEncoding = 4; lastKnownFileType = sourcecode.swift; path = MemesTableViewController.swift; sourceTree = "<group>"; };
		2ECEDAC11B13948100D6FB36 /* MemesCollectionViewController.swift */ = {isa = PBXFileReference; fileEncoding = 4; lastKnownFileType = sourcecode.swift; path = MemesCollectionViewController.swift; sourceTree = "<group>"; };
		2ECEDAC91B13DF7A00D6FB36 /* MemesDetailViewController.swift */ = {isa = PBXFileReference; fileEncoding = 4; lastKnownFileType = sourcecode.swift; path = MemesDetailViewController.swift; sourceTree = "<group>"; };
/* End PBXFileReference section */

/* Begin PBXFrameworksBuildPhase section */
		2ECC53661B0CC318007FCAF7 /* Frameworks */ = {
			isa = PBXFrameworksBuildPhase;
			buildActionMask = 2147483647;
			files = (
			);
			runOnlyForDeploymentPostprocessing = 0;
		};
		2ECC537B1B0CC318007FCAF7 /* Frameworks */ = {
			isa = PBXFrameworksBuildPhase;
			buildActionMask = 2147483647;
			files = (
			);
			runOnlyForDeploymentPostprocessing = 0;
		};
/* End PBXFrameworksBuildPhase section */

/* Begin PBXGroup section */
		2E4B7E401E8AC842000BD182 /* Model */ = {
			isa = PBXGroup;
			children = (
				2E4B7E351E8AB51D000BD182 /* CoreDataStack.swift */,
				2E09A1351E86A188002593A8 /* Model.xcdatamodeld */,
				2E58F6801E8C5F6C0018F0E6 /* Meme+CoreDataProperties.swift */,
				2E4B7E381E8AC34F000BD182 /* Meme+CoreDataClass.swift */,
				2E77E1861E96F9F7003809AD /* ImageData+CoreDataProperties.swift */,
				2E77E1851E96F9F7003809AD /* ImageData+CoreDataClass.swift */,
				2E88144B1EA0DEE10019AD6F /* UIImageExtension.swift */,
			);
			name = Model;
			sourceTree = "<group>";
		};
		2E4B7E431E8B5BDD000BD182 /* Controller */ = {
			isa = PBXGroup;
			children = (
				2EB266BC1E9DD69A00162B18 /* Meme Creation/Viewer */,
				2EB266BD1E9DD6B600162B18 /* Table Bar View */,
				2EB266BE1E9DD6CC00162B18 /* Collection Bar View */,
			);
			name = Controller;
			sourceTree = "<group>";
		};
		2EB266BC1E9DD69A00162B18 /* Meme Creation/Viewer */ = {
			isa = PBXGroup;
			children = (
				2ECC53701B0CC318007FCAF7 /* MemeEditorViewController.swift */,
				2E5817CB1B133DB600EF785E /* MemeTextFieldDelegate.swift */,
				2ECD19F91B13623600938908 /* DefaultTextAttributes.swift */,
				2ECEDAC91B13DF7A00D6FB36 /* MemesDetailViewController.swift */,
			);
			name = "Meme Creation/Viewer";
			sourceTree = "<group>";
		};
		2EB266BD1E9DD6B600162B18 /* Table Bar View */ = {
			isa = PBXGroup;
			children = (
				2E4B7E411E8B485F000BD182 /* CoreDataTableViewController.swift */,
				2ECEDABF1B13947200D6FB36 /* MemesTableViewController.swift */,
				2E1A96C01B13F74000474E17 /* CustomTableViewCell.swift */,
			);
			name = "Table Bar View";
			sourceTree = "<group>";
		};
		2EB266BE1E9DD6CC00162B18 /* Collection Bar View */ = {
			isa = PBXGroup;
			children = (
				2ECC29041E9A774C00004B37 /* CoreDataCollectionViewController.swift */,
				2ECEDAC11B13948100D6FB36 /* MemesCollectionViewController.swift */,
				2E1A96C41B140DA200474E17 /* CustomCollectionViewCell.swift */,
			);
			name = "Collection Bar View";
			sourceTree = "<group>";
		};
		2ECC53601B0CC318007FCAF7 = {
			isa = PBXGroup;
			children = (
				2ECC536B1B0CC318007FCAF7 /* Meme Me */,
				2ECC53811B0CC318007FCAF7 /* Meme MeTests */,
				2ECC536A1B0CC318007FCAF7 /* Products */,
			);
			sourceTree = "<group>";
		};
		2ECC536A1B0CC318007FCAF7 /* Products */ = {
			isa = PBXGroup;
			children = (
				2ECC53691B0CC318007FCAF7 /* Meme Me.app */,
				2ECC537E1B0CC318007FCAF7 /* Meme MeTests.xctest */,
			);
			name = Products;
			sourceTree = "<group>";
		};
		2ECC536B1B0CC318007FCAF7 /* Meme Me */ = {
			isa = PBXGroup;
			children = (
				2ECC536E1B0CC318007FCAF7 /* AppDelegate.swift */,
				2EB266B81E9DC0CB00162B18 /* AppPermissions.swift */,
				2EB266BA1E9DCBBE00162B18 /* Constants.swift */,
				2ECC53721B0CC318007FCAF7 /* Main.storyboard */,
				2E4B7E401E8AC842000BD182 /* Model */,
				2E4B7E431E8B5BDD000BD182 /* Controller */,
				2ECC536C1B0CC318007FCAF7 /* Supporting Files */,
			);
			path = "Meme Me";
			sourceTree = "<group>";
		};
		2ECC536C1B0CC318007FCAF7 /* Supporting Files */ = {
			isa = PBXGroup;
			children = (
				2ECC53751B0CC318007FCAF7 /* Images.xcassets */,
				2ECC53771B0CC318007FCAF7 /* LaunchScreen.xib */,
				2ECC536D1B0CC318007FCAF7 /* Info.plist */,
			);
			name = "Supporting Files";
			sourceTree = "<group>";
		};
		2ECC53811B0CC318007FCAF7 /* Meme MeTests */ = {
			isa = PBXGroup;
			children = (
				2ECC53841B0CC318007FCAF7 /* Meme_MeTests.swift */,
				2ECC53821B0CC318007FCAF7 /* Supporting Files */,
			);
			path = "Meme MeTests";
			sourceTree = "<group>";
		};
		2ECC53821B0CC318007FCAF7 /* Supporting Files */ = {
			isa = PBXGroup;
			children = (
				2ECC53831B0CC318007FCAF7 /* Info.plist */,
			);
			name = "Supporting Files";
			sourceTree = "<group>";
		};
/* End PBXGroup section */

/* Begin PBXNativeTarget section */
		2ECC53681B0CC318007FCAF7 /* Meme Me */ = {
			isa = PBXNativeTarget;
			buildConfigurationList = 2ECC53881B0CC318007FCAF7 /* Build configuration list for PBXNativeTarget "Meme Me" */;
			buildPhases = (
				2ECC53651B0CC318007FCAF7 /* Sources */,
				2ECC53661B0CC318007FCAF7 /* Frameworks */,
				2ECC53671B0CC318007FCAF7 /* Resources */,
			);
			buildRules = (
			);
			dependencies = (
			);
			name = "Meme Me";
			productName = "Meme Me";
			productReference = 2ECC53691B0CC318007FCAF7 /* Meme Me.app */;
			productType = "com.apple.product-type.application";
		};
		2ECC537D1B0CC318007FCAF7 /* Meme MeTests */ = {
			isa = PBXNativeTarget;
			buildConfigurationList = 2ECC538B1B0CC318007FCAF7 /* Build configuration list for PBXNativeTarget "Meme MeTests" */;
			buildPhases = (
				2ECC537A1B0CC318007FCAF7 /* Sources */,
				2ECC537B1B0CC318007FCAF7 /* Frameworks */,
				2ECC537C1B0CC318007FCAF7 /* Resources */,
			);
			buildRules = (
			);
			dependencies = (
				2ECC53801B0CC318007FCAF7 /* PBXTargetDependency */,
			);
			name = "Meme MeTests";
			productName = "Meme MeTests";
			productReference = 2ECC537E1B0CC318007FCAF7 /* Meme MeTests.xctest */;
			productType = "com.apple.product-type.bundle.unit-test";
		};
/* End PBXNativeTarget section */

/* Begin PBXProject section */
		2ECC53611B0CC318007FCAF7 /* Project object */ = {
			isa = PBXProject;
			attributes = {
				LastSwiftMigration = 0710;
				LastUpgradeCheck = 0820;
				ORGANIZATIONNAME = minaatefmaf;
				TargetAttributes = {
					2ECC53681B0CC318007FCAF7 = {
						CreatedOnToolsVersion = 6.3.1;
						DevelopmentTeam = BW6UP5H27S;
						LastSwiftMigration = 0820;
					};
					2ECC537D1B0CC318007FCAF7 = {
						CreatedOnToolsVersion = 6.3.1;
						DevelopmentTeam = BW6UP5H27S;
						LastSwiftMigration = 0820;
						TestTargetID = 2ECC53681B0CC318007FCAF7;
					};
				};
			};
			buildConfigurationList = 2ECC53641B0CC318007FCAF7 /* Build configuration list for PBXProject "Meme Me" */;
			compatibilityVersion = "Xcode 3.2";
			developmentRegion = English;
			hasScannedForEncodings = 0;
			knownRegions = (
				en,
				Base,
			);
			mainGroup = 2ECC53601B0CC318007FCAF7;
			productRefGroup = 2ECC536A1B0CC318007FCAF7 /* Products */;
			projectDirPath = "";
			projectRoot = "";
			targets = (
				2ECC53681B0CC318007FCAF7 /* Meme Me */,
				2ECC537D1B0CC318007FCAF7 /* Meme MeTests */,
			);
		};
/* End PBXProject section */

/* Begin PBXResourcesBuildPhase section */
		2ECC53671B0CC318007FCAF7 /* Resources */ = {
			isa = PBXResourcesBuildPhase;
			buildActionMask = 2147483647;
			files = (
				2ECC53741B0CC318007FCAF7 /* Main.storyboard in Resources */,
				2ECC53791B0CC318007FCAF7 /* LaunchScreen.xib in Resources */,
				2ECC53761B0CC318007FCAF7 /* Images.xcassets in Resources */,
			);
			runOnlyForDeploymentPostprocessing = 0;
		};
		2ECC537C1B0CC318007FCAF7 /* Resources */ = {
			isa = PBXResourcesBuildPhase;
			buildActionMask = 2147483647;
			files = (
			);
			runOnlyForDeploymentPostprocessing = 0;
		};
/* End PBXResourcesBuildPhase section */

/* Begin PBXSourcesBuildPhase section */
		2ECC53651B0CC318007FCAF7 /* Sources */ = {
			isa = PBXSourcesBuildPhase;
			buildActionMask = 2147483647;
			files = (
				2ECEDACA1B13DF7A00D6FB36 /* MemesDetailViewController.swift in Sources */,
				2EB266BB1E9DCBBE00162B18 /* Constants.swift in Sources */,
				2E77E1871E96F9F7003809AD /* ImageData+CoreDataClass.swift in Sources */,
				2E88144C1EA0DEE10019AD6F /* UIImageExtension.swift in Sources */,
				2ECEDAC21B13948100D6FB36 /* MemesCollectionViewController.swift in Sources */,
				2E58F6811E8C5F6C0018F0E6 /* Meme+CoreDataProperties.swift in Sources */,
				2ECC53711B0CC318007FCAF7 /* MemeEditorViewController.swift in Sources */,
				2E4B7E361E8AB51D000BD182 /* CoreDataStack.swift in Sources */,
				2EB266B91E9DC0CB00162B18 /* AppPermissions.swift in Sources */,
				2ECD19FA1B13623600938908 /* DefaultTextAttributes.swift in Sources */,
				2E1A96C11B13F74000474E17 /* CustomTableViewCell.swift in Sources */,
				2E77E1881E96F9F7003809AD /* ImageData+CoreDataProperties.swift in Sources */,
				2ECEDAC01B13947200D6FB36 /* MemesTableViewController.swift in Sources */,
				2E4B7E421E8B485F000BD182 /* CoreDataTableViewController.swift in Sources */,
				2ECC536F1B0CC318007FCAF7 /* AppDelegate.swift in Sources */,
				2ECC29051E9A774C00004B37 /* CoreDataCollectionViewController.swift in Sources */,
				2E5817CC1B133DB600EF785E /* MemeTextFieldDelegate.swift in Sources */,
				2E09A1371E86A188002593A8 /* Model.xcdatamodeld in Sources */,
				2E4B7E3C1E8AC34F000BD182 /* Meme+CoreDataClass.swift in Sources */,
				2E1A96C51B140DA200474E17 /* CustomCollectionViewCell.swift in Sources */,
			);
			runOnlyForDeploymentPostprocessing = 0;
		};
		2ECC537A1B0CC318007FCAF7 /* Sources */ = {
			isa = PBXSourcesBuildPhase;
			buildActionMask = 2147483647;
			files = (
				2ECC53851B0CC318007FCAF7 /* Meme_MeTests.swift in Sources */,
			);
			runOnlyForDeploymentPostprocessing = 0;
		};
/* End PBXSourcesBuildPhase section */

/* Begin PBXTargetDependency section */
		2ECC53801B0CC318007FCAF7 /* PBXTargetDependency */ = {
			isa = PBXTargetDependency;
			target = 2ECC53681B0CC318007FCAF7 /* Meme Me */;
			targetProxy = 2ECC537F1B0CC318007FCAF7 /* PBXContainerItemProxy */;
		};
/* End PBXTargetDependency section */

/* Begin PBXVariantGroup section */
		2ECC53721B0CC318007FCAF7 /* Main.storyboard */ = {
			isa = PBXVariantGroup;
			children = (
				2ECC53731B0CC318007FCAF7 /* Base */,
			);
			name = Main.storyboard;
			sourceTree = "<group>";
		};
		2ECC53771B0CC318007FCAF7 /* LaunchScreen.xib */ = {
			isa = PBXVariantGroup;
			children = (
				2ECC53781B0CC318007FCAF7 /* Base */,
			);
			name = LaunchScreen.xib;
			sourceTree = "<group>";
		};
/* End PBXVariantGroup section */

/* Begin XCBuildConfiguration section */
		2ECC53861B0CC318007FCAF7 /* Debug */ = {
			isa = XCBuildConfiguration;
			buildSettings = {
				ALWAYS_SEARCH_USER_PATHS = NO;
				CLANG_CXX_LANGUAGE_STANDARD = "gnu++0x";
				CLANG_CXX_LIBRARY = "libc++";
				CLANG_ENABLE_MODULES = YES;
				CLANG_ENABLE_OBJC_ARC = YES;
				CLANG_WARN_BOOL_CONVERSION = YES;
				CLANG_WARN_CONSTANT_CONVERSION = YES;
				CLANG_WARN_DIRECT_OBJC_ISA_USAGE = YES_ERROR;
				CLANG_WARN_EMPTY_BODY = YES;
				CLANG_WARN_ENUM_CONVERSION = YES;
				CLANG_WARN_INFINITE_RECURSION = YES;
				CLANG_WARN_INT_CONVERSION = YES;
				CLANG_WARN_OBJC_ROOT_CLASS = YES_ERROR;
				CLANG_WARN_SUSPICIOUS_MOVE = YES;
				CLANG_WARN_UNREACHABLE_CODE = YES;
				CLANG_WARN__DUPLICATE_METHOD_MATCH = YES;
				"CODE_SIGN_IDENTITY[sdk=iphoneos*]" = "iPhone Developer";
				COPY_PHASE_STRIP = NO;
				DEBUG_INFORMATION_FORMAT = "dwarf-with-dsym";
				ENABLE_STRICT_OBJC_MSGSEND = YES;
				ENABLE_TESTABILITY = YES;
				GCC_C_LANGUAGE_STANDARD = gnu99;
				GCC_DYNAMIC_NO_PIC = NO;
				GCC_NO_COMMON_BLOCKS = YES;
				GCC_OPTIMIZATION_LEVEL = 0;
				GCC_PREPROCESSOR_DEFINITIONS = (
					"DEBUG=1",
					"$(inherited)",
				);
				GCC_SYMBOLS_PRIVATE_EXTERN = NO;
				GCC_WARN_64_TO_32_BIT_CONVERSION = YES;
				GCC_WARN_ABOUT_RETURN_TYPE = YES_ERROR;
				GCC_WARN_UNDECLARED_SELECTOR = YES;
				GCC_WARN_UNINITIALIZED_AUTOS = YES_AGGRESSIVE;
				GCC_WARN_UNUSED_FUNCTION = YES;
				GCC_WARN_UNUSED_VARIABLE = YES;
				IPHONEOS_DEPLOYMENT_TARGET = 8.3;
				MTL_ENABLE_DEBUG_INFO = YES;
				ONLY_ACTIVE_ARCH = YES;
				SDKROOT = iphoneos;
				SWIFT_OPTIMIZATION_LEVEL = "-Onone";
			};
			name = Debug;
		};
		2ECC53871B0CC318007FCAF7 /* Release */ = {
			isa = XCBuildConfiguration;
			buildSettings = {
				ALWAYS_SEARCH_USER_PATHS = NO;
				CLANG_CXX_LANGUAGE_STANDARD = "gnu++0x";
				CLANG_CXX_LIBRARY = "libc++";
				CLANG_ENABLE_MODULES = YES;
				CLANG_ENABLE_OBJC_ARC = YES;
				CLANG_WARN_BOOL_CONVERSION = YES;
				CLANG_WARN_CONSTANT_CONVERSION = YES;
				CLANG_WARN_DIRECT_OBJC_ISA_USAGE = YES_ERROR;
				CLANG_WARN_EMPTY_BODY = YES;
				CLANG_WARN_ENUM_CONVERSION = YES;
				CLANG_WARN_INFINITE_RECURSION = YES;
				CLANG_WARN_INT_CONVERSION = YES;
				CLANG_WARN_OBJC_ROOT_CLASS = YES_ERROR;
				CLANG_WARN_SUSPICIOUS_MOVE = YES;
				CLANG_WARN_UNREACHABLE_CODE = YES;
				CLANG_WARN__DUPLICATE_METHOD_MATCH = YES;
				"CODE_SIGN_IDENTITY[sdk=iphoneos*]" = "iPhone Developer";
				COPY_PHASE_STRIP = NO;
				DEBUG_INFORMATION_FORMAT = "dwarf-with-dsym";
				ENABLE_NS_ASSERTIONS = NO;
				ENABLE_STRICT_OBJC_MSGSEND = YES;
				GCC_C_LANGUAGE_STANDARD = gnu99;
				GCC_NO_COMMON_BLOCKS = YES;
				GCC_WARN_64_TO_32_BIT_CONVERSION = YES;
				GCC_WARN_ABOUT_RETURN_TYPE = YES_ERROR;
				GCC_WARN_UNDECLARED_SELECTOR = YES;
				GCC_WARN_UNINITIALIZED_AUTOS = YES_AGGRESSIVE;
				GCC_WARN_UNUSED_FUNCTION = YES;
				GCC_WARN_UNUSED_VARIABLE = YES;
				IPHONEOS_DEPLOYMENT_TARGET = 8.3;
				MTL_ENABLE_DEBUG_INFO = NO;
				SDKROOT = iphoneos;
				SWIFT_OPTIMIZATION_LEVEL = "-Owholemodule";
				VALIDATE_PRODUCT = YES;
			};
			name = Release;
		};
		2ECC53891B0CC318007FCAF7 /* Debug */ = {
			isa = XCBuildConfiguration;
			buildSettings = {
				ASSETCATALOG_COMPILER_APPICON_NAME = AppIcon;
				DEVELOPMENT_TEAM = BW6UP5H27S;
				INFOPLIST_FILE = "Meme Me/Info.plist";
				IPHONEOS_DEPLOYMENT_TARGET = 9.0;
				LD_RUNPATH_SEARCH_PATHS = "$(inherited) @executable_path/Frameworks";
				PRODUCT_BUNDLE_IDENTIFIER = "com.minaatefmaf.$(PRODUCT_NAME:rfc1034identifier)";
				PRODUCT_NAME = "$(TARGET_NAME)";
				SWIFT_VERSION = 3.0;
			};
			name = Debug;
		};
		2ECC538A1B0CC318007FCAF7 /* Release */ = {
			isa = XCBuildConfiguration;
			buildSettings = {
				ASSETCATALOG_COMPILER_APPICON_NAME = AppIcon;
				DEVELOPMENT_TEAM = BW6UP5H27S;
				INFOPLIST_FILE = "Meme Me/Info.plist";
				IPHONEOS_DEPLOYMENT_TARGET = 9.0;
				LD_RUNPATH_SEARCH_PATHS = "$(inherited) @executable_path/Frameworks";
				PRODUCT_BUNDLE_IDENTIFIER = "com.minaatefmaf.$(PRODUCT_NAME:rfc1034identifier)";
				PRODUCT_NAME = "$(TARGET_NAME)";
				SWIFT_VERSION = 3.0;
			};
			name = Release;
		};
		2ECC538C1B0CC318007FCAF7 /* Debug */ = {
			isa = XCBuildConfiguration;
			buildSettings = {
				BUNDLE_LOADER = "$(TEST_HOST)";
				DEVELOPMENT_TEAM = BW6UP5H27S;
				GCC_PREPROCESSOR_DEFINITIONS = (
					"DEBUG=1",
					"$(inherited)",
				);
				INFOPLIST_FILE = "Meme MeTests/Info.plist";
				LD_RUNPATH_SEARCH_PATHS = "$(inherited) @executable_path/Frameworks @loader_path/Frameworks";
				PRODUCT_BUNDLE_IDENTIFIER = "com.minaatefmaf.$(PRODUCT_NAME:rfc1034identifier)";
				PRODUCT_NAME = "$(TARGET_NAME)";
				SWIFT_VERSION = 3.0;
				TEST_HOST = "$(BUILT_PRODUCTS_DIR)/Meme Me.app/Meme Me";
			};
			name = Debug;
		};
		2ECC538D1B0CC318007FCAF7 /* Release */ = {
			isa = XCBuildConfiguration;
			buildSettings = {
				BUNDLE_LOADER = "$(TEST_HOST)";
				DEVELOPMENT_TEAM = BW6UP5H27S;
				INFOPLIST_FILE = "Meme MeTests/Info.plist";
				LD_RUNPATH_SEARCH_PATHS = "$(inherited) @executable_path/Frameworks @loader_path/Frameworks";
				PRODUCT_BUNDLE_IDENTIFIER = "com.minaatefmaf.$(PRODUCT_NAME:rfc1034identifier)";
				PRODUCT_NAME = "$(TARGET_NAME)";
				SWIFT_VERSION = 3.0;
				TEST_HOST = "$(BUILT_PRODUCTS_DIR)/Meme Me.app/Meme Me";
			};
			name = Release;
		};
/* End XCBuildConfiguration section */

/* Begin XCConfigurationList section */
		2ECC53641B0CC318007FCAF7 /* Build configuration list for PBXProject "Meme Me" */ = {
			isa = XCConfigurationList;
			buildConfigurations = (
				2ECC53861B0CC318007FCAF7 /* Debug */,
				2ECC53871B0CC318007FCAF7 /* Release */,
			);
			defaultConfigurationIsVisible = 0;
			defaultConfigurationName = Release;
		};
		2ECC53881B0CC318007FCAF7 /* Build configuration list for PBXNativeTarget "Meme Me" */ = {
			isa = XCConfigurationList;
			buildConfigurations = (
				2ECC53891B0CC318007FCAF7 /* Debug */,
				2ECC538A1B0CC318007FCAF7 /* Release */,
			);
			defaultConfigurationIsVisible = 0;
			defaultConfigurationName = Release;
		};
		2ECC538B1B0CC318007FCAF7 /* Build configuration list for PBXNativeTarget "Meme MeTests" */ = {
			isa = XCConfigurationList;
			buildConfigurations = (
				2ECC538C1B0CC318007FCAF7 /* Debug */,
				2ECC538D1B0CC318007FCAF7 /* Release */,
			);
			defaultConfigurationIsVisible = 0;
			defaultConfigurationName = Release;
		};
/* End XCConfigurationList section */

/* Begin XCVersionGroup section */
		2E09A1351E86A188002593A8 /* Model.xcdatamodeld */ = {
			isa = XCVersionGroup;
			children = (
				2E09A1361E86A188002593A8 /* Model.xcdatamodel */,
			);
			currentVersion = 2E09A1361E86A188002593A8 /* Model.xcdatamodel */;
			path = Model.xcdatamodeld;
			sourceTree = "<group>";
			versionGroupType = wrapper.xcdatamodel;
		};
/* End XCVersionGroup section */
	};
	rootObject = 2ECC53611B0CC318007FCAF7 /* Project object */;
}
